
Microsoft Visual Studio Solution File, Format Version 12.00
# Visual Studio Version 16
VisualStudioVersion = 16.0.30804.86
MinimumVisualStudioVersion = 10.0.40219.1
Project("{9A19103F-16F7-4668-BE54-9A1E7A4F7556}") = "HomeEnvironmentLifePlanner.Server", "HomeEnvironmentLifePlanner\Server\HomeEnvironmentLifePlanner.Server.csproj", "{5117254D-80E8-45E6-BD3F-4A674DD69BB7}"
EndProject
Project("{9A19103F-16F7-4668-BE54-9A1E7A4F7556}") = "HomeEnvironmentLifePlanner.Client", "HomeEnvironmentLifePlanner\Client\HomeEnvironmentLifePlanner.Client.csproj", "{ABAD21AF-2B22-432D-824F-1CA193BB0B09}"
EndProject
Project("{9A19103F-16F7-4668-BE54-9A1E7A4F7556}") = "HomeEnvironmentLifePlanner.Shared", "HomeEnvironmentLifePlanner\Shared\HomeEnvironmentLifePlanner.Shared.csproj", "{0D07ABFC-73C7-4762-8F7C-9FEF90C4AEB6}"
EndProject
Global
	GlobalSection(SolutionConfigurationPlatforms) = preSolution
		Debug|Any CPU = Debug|Any CPU
		Release|Any CPU = Release|Any CPU
	EndGlobalSection
	GlobalSection(ProjectConfigurationPlatforms) = postSolution
		{5117254D-80E8-45E6-BD3F-4A674DD69BB7}.Debug|Any CPU.ActiveCfg = Debug|Any CPU
		{5117254D-80E8-45E6-BD3F-4A674DD69BB7}.Debug|Any CPU.Build.0 = Debug|Any CPU
		{5117254D-80E8-45E6-BD3F-4A674DD69BB7}.Release|Any CPU.ActiveCfg = Release|Any CPU
		{5117254D-80E8-45E6-BD3F-4A674DD69BB7}.Release|Any CPU.Build.0 = Release|Any CPU
		{ABAD21AF-2B22-432D-824F-1CA193BB0B09}.Debug|Any CPU.ActiveCfg = Debug|Any CPU
		{ABAD21AF-2B22-432D-824F-1CA193BB0B09}.Debug|Any CPU.Build.0 = Debug|Any CPU
		{ABAD21AF-2B22-432D-824F-1CA193BB0B09}.Release|Any CPU.ActiveCfg = Release|Any CPU
		{ABAD21AF-2B22-432D-824F-1CA193BB0B09}.Release|Any CPU.Build.0 = Release|Any CPU
		{0D07ABFC-73C7-4762-8F7C-9FEF90C4AEB6}.Debug|Any CPU.ActiveCfg = Debug|Any CPU
		{0D07ABFC-73C7-4762-8F7C-9FEF90C4AEB6}.Debug|Any CPU.Build.0 = Debug|Any CPU
		{0D07ABFC-73C7-4762-8F7C-9FEF90C4AEB6}.Release|Any CPU.ActiveCfg = Release|Any CPU
		{0D07ABFC-73C7-4762-8F7C-9FEF90C4AEB6}.Release|Any CPU.Build.0 = Release|Any CPU
	EndGlobalSection
	GlobalSection(SolutionProperties) = preSolution
		HideSolutionNode = FALSE
	EndGlobalSection
	GlobalSection(ExtensibilityGlobals) = postSolution
		SolutionGuid = {3448F8FD-F4EF-4874-92A3-191C0257E773}
	EndGlobalSection
EndGlobal
